// !$*UTF8*$!
{
	archiveVersion = 1;
	classes = {
	};
	objectVersion = 51;
	objects = {

/* Begin PBXBuildFile section */
		711AE85A2662F62B008FB7EC /* UIColor.swift in Sources */ = {isa = PBXBuildFile; fileRef = 711AE8592662F62B008FB7EC /* UIColor.swift */; };
		711C61A926681B0000D880F4 /* PokemonCollectionViewCell.swift in Sources */ = {isa = PBXBuildFile; fileRef = 711C61A726681B0000D880F4 /* PokemonCollectionViewCell.swift */; };
		711C61AA26681B0000D880F4 /* PokemonCollectionViewCell.xib in Resources */ = {isa = PBXBuildFile; fileRef = 711C61A826681B0000D880F4 /* PokemonCollectionViewCell.xib */; };
		711C61AC26681DE000D880F4 /* PokedexViewController.swift in Sources */ = {isa = PBXBuildFile; fileRef = 711C61AB26681DE000D880F4 /* PokedexViewController.swift */; };
		713C72DA26AA4AAB00A2E5E0 /* WeaknessesCollectionViewCell.swift in Sources */ = {isa = PBXBuildFile; fileRef = 713C72D826AA4AAB00A2E5E0 /* WeaknessesCollectionViewCell.swift */; };
		713C72DB26AA4AAB00A2E5E0 /* WeaknessesCollectionViewCell.xib in Resources */ = {isa = PBXBuildFile; fileRef = 713C72D926AA4AAB00A2E5E0 /* WeaknessesCollectionViewCell.xib */; };
		713C72DD26AA4E3600A2E5E0 /* WeaknessesController.swift in Sources */ = {isa = PBXBuildFile; fileRef = 713C72DC26AA4E3600A2E5E0 /* WeaknessesController.swift */; };
		717D3824268B9F6600848163 /* EvolutionTableViewCell.swift in Sources */ = {isa = PBXBuildFile; fileRef = 717D3822268B9F6600848163 /* EvolutionTableViewCell.swift */; };
		717D3825268B9F6600848163 /* EvolutionTableViewCell.xib in Resources */ = {isa = PBXBuildFile; fileRef = 717D3823268B9F6600848163 /* EvolutionTableViewCell.xib */; };
		718BDF32265EC6B7001568E3 /* Screen.swift in Sources */ = {isa = PBXBuildFile; fileRef = 718BDF31265EC6B7001568E3 /* Screen.swift */; };
		71913833265737BA0013D7D2 /* LoginButton.swift in Sources */ = {isa = PBXBuildFile; fileRef = 71913832265737BA0013D7D2 /* LoginButton.swift */; };
		71913835265744180013D7D2 /* UiView.swift in Sources */ = {isa = PBXBuildFile; fileRef = 71913834265744180013D7D2 /* UiView.swift */; };
		71B772E1268F62D100F6E4A3 /* EvolutionDetailController.swift in Sources */ = {isa = PBXBuildFile; fileRef = 71B772E0268F62D100F6E4A3 /* EvolutionDetailController.swift */; };
		71BB31662680DE1500566D8E /* DetailsController.swift in Sources */ = {isa = PBXBuildFile; fileRef = 71BB31652680DE1500566D8E /* DetailsController.swift */; };
		71BE6306265436CE009ED8F6 /* AppDelegate.swift in Sources */ = {isa = PBXBuildFile; fileRef = 71BE6305265436CE009ED8F6 /* AppDelegate.swift */; };
		71BE6308265436CE009ED8F6 /* SceneDelegate.swift in Sources */ = {isa = PBXBuildFile; fileRef = 71BE6307265436CE009ED8F6 /* SceneDelegate.swift */; };
		71BE630A265436CE009ED8F6 /* LoginViewController.swift in Sources */ = {isa = PBXBuildFile; fileRef = 71BE6309265436CE009ED8F6 /* LoginViewController.swift */; };
		71BE630D265436CE009ED8F6 /* Main.storyboard in Resources */ = {isa = PBXBuildFile; fileRef = 71BE630B265436CE009ED8F6 /* Main.storyboard */; };
		71BE630F265436CF009ED8F6 /* Assets.xcassets in Resources */ = {isa = PBXBuildFile; fileRef = 71BE630E265436CF009ED8F6 /* Assets.xcassets */; };
		71BE6312265436CF009ED8F6 /* LaunchScreen.storyboard in Resources */ = {isa = PBXBuildFile; fileRef = 71BE6310265436CF009ED8F6 /* LaunchScreen.storyboard */; };
		71BE631D265436CF009ED8F6 /* PokemonTests.swift in Sources */ = {isa = PBXBuildFile; fileRef = 71BE631C265436CF009ED8F6 /* PokemonTests.swift */; };
		71BE6328265436D0009ED8F6 /* PokemonUITests.swift in Sources */ = {isa = PBXBuildFile; fileRef = 71BE6327265436D0009ED8F6 /* PokemonUITests.swift */; };
		71E371E5266BCE630020AD4E /* Pokemon.swift in Sources */ = {isa = PBXBuildFile; fileRef = 71E371E4266BCE630020AD4E /* Pokemon.swift */; };
		9D4190D0C9D4D554D48748D2 /* Pods_Pokemon_PokemonUITests.framework in Frameworks */ = {isa = PBXBuildFile; fileRef = 028F493F64DADCBBAF474624 /* Pods_Pokemon_PokemonUITests.framework */; };
		AFB029A09509E8B95981EBB8 /* Pods_Pokemon.framework in Frameworks */ = {isa = PBXBuildFile; fileRef = D7356A969BAF6B248D8020DE /* Pods_Pokemon.framework */; };
		EA867B90F39E4D5AE943595E /* Pods_PokemonTests.framework in Frameworks */ = {isa = PBXBuildFile; fileRef = 6F01524826223FD75E30F5CD /* Pods_PokemonTests.framework */; };
/* End PBXBuildFile section */

/* Begin PBXContainerItemProxy section */
		71BE6319265436CF009ED8F6 /* PBXContainerItemProxy */ = {
			isa = PBXContainerItemProxy;
			containerPortal = 71BE62FA265436CE009ED8F6 /* Project object */;
			proxyType = 1;
			remoteGlobalIDString = 71BE6301265436CE009ED8F6;
			remoteInfo = Pokemon;
		};
		71BE6324265436D0009ED8F6 /* PBXContainerItemProxy */ = {
			isa = PBXContainerItemProxy;
			containerPortal = 71BE62FA265436CE009ED8F6 /* Project object */;
			proxyType = 1;
			remoteGlobalIDString = 71BE6301265436CE009ED8F6;
			remoteInfo = Pokemon;
		};
/* End PBXContainerItemProxy section */

/* Begin PBXFileReference section */
		028F493F64DADCBBAF474624 /* Pods_Pokemon_PokemonUITests.framework */ = {isa = PBXFileReference; explicitFileType = wrapper.framework; includeInIndex = 0; path = Pods_Pokemon_PokemonUITests.framework; sourceTree = BUILT_PRODUCTS_DIR; };
		29B53F3ED7CA867EE329CC21 /* Pods-PokemonTests.release.xcconfig */ = {isa = PBXFileReference; includeInIndex = 1; lastKnownFileType = text.xcconfig; name = "Pods-PokemonTests.release.xcconfig"; path = "Target Support Files/Pods-PokemonTests/Pods-PokemonTests.release.xcconfig"; sourceTree = "<group>"; };
		355C103B808A3ABE5C3EEF2C /* Pods-Pokemon-PokemonUITests.release.xcconfig */ = {isa = PBXFileReference; includeInIndex = 1; lastKnownFileType = text.xcconfig; name = "Pods-Pokemon-PokemonUITests.release.xcconfig"; path = "Target Support Files/Pods-Pokemon-PokemonUITests/Pods-Pokemon-PokemonUITests.release.xcconfig"; sourceTree = "<group>"; };
		6F01524826223FD75E30F5CD /* Pods_PokemonTests.framework */ = {isa = PBXFileReference; explicitFileType = wrapper.framework; includeInIndex = 0; path = Pods_PokemonTests.framework; sourceTree = BUILT_PRODUCTS_DIR; };
		711AE8592662F62B008FB7EC /* UIColor.swift */ = {isa = PBXFileReference; lastKnownFileType = sourcecode.swift; path = UIColor.swift; sourceTree = "<group>"; };
		711C61A726681B0000D880F4 /* PokemonCollectionViewCell.swift */ = {isa = PBXFileReference; lastKnownFileType = sourcecode.swift; path = PokemonCollectionViewCell.swift; sourceTree = "<group>"; };
		711C61A826681B0000D880F4 /* PokemonCollectionViewCell.xib */ = {isa = PBXFileReference; lastKnownFileType = file.xib; path = PokemonCollectionViewCell.xib; sourceTree = "<group>"; };
		711C61AB26681DE000D880F4 /* PokedexViewController.swift */ = {isa = PBXFileReference; lastKnownFileType = sourcecode.swift; path = PokedexViewController.swift; sourceTree = "<group>"; };
		713C72D826AA4AAB00A2E5E0 /* WeaknessesCollectionViewCell.swift */ = {isa = PBXFileReference; lastKnownFileType = sourcecode.swift; path = WeaknessesCollectionViewCell.swift; sourceTree = "<group>"; };
		713C72D926AA4AAB00A2E5E0 /* WeaknessesCollectionViewCell.xib */ = {isa = PBXFileReference; lastKnownFileType = file.xib; path = WeaknessesCollectionViewCell.xib; sourceTree = "<group>"; };
		713C72DC26AA4E3600A2E5E0 /* WeaknessesController.swift */ = {isa = PBXFileReference; lastKnownFileType = sourcecode.swift; path = WeaknessesController.swift; sourceTree = "<group>"; };
		717D3822268B9F6600848163 /* EvolutionTableViewCell.swift */ = {isa = PBXFileReference; lastKnownFileType = sourcecode.swift; path = EvolutionTableViewCell.swift; sourceTree = "<group>"; };
		717D3823268B9F6600848163 /* EvolutionTableViewCell.xib */ = {isa = PBXFileReference; lastKnownFileType = file.xib; path = EvolutionTableViewCell.xib; sourceTree = "<group>"; };
		718BDF31265EC6B7001568E3 /* Screen.swift */ = {isa = PBXFileReference; lastKnownFileType = sourcecode.swift; path = Screen.swift; sourceTree = "<group>"; };
		71913832265737BA0013D7D2 /* LoginButton.swift */ = {isa = PBXFileReference; lastKnownFileType = sourcecode.swift; path = LoginButton.swift; sourceTree = "<group>"; };
		71913834265744180013D7D2 /* UiView.swift */ = {isa = PBXFileReference; lastKnownFileType = sourcecode.swift; path = UiView.swift; sourceTree = "<group>"; };
		71B772E0268F62D100F6E4A3 /* EvolutionDetailController.swift */ = {isa = PBXFileReference; lastKnownFileType = sourcecode.swift; path = EvolutionDetailController.swift; sourceTree = "<group>"; };
		71BB31652680DE1500566D8E /* DetailsController.swift */ = {isa = PBXFileReference; lastKnownFileType = sourcecode.swift; name = DetailsController.swift; path = Pokemon/Controller/DetailsController.swift; sourceTree = SOURCE_ROOT; };
		71BE6302265436CE009ED8F6 /* Pokemon.app */ = {isa = PBXFileReference; explicitFileType = wrapper.application; includeInIndex = 0; path = Pokemon.app; sourceTree = BUILT_PRODUCTS_DIR; };
		71BE6305265436CE009ED8F6 /* AppDelegate.swift */ = {isa = PBXFileReference; lastKnownFileType = sourcecode.swift; path = AppDelegate.swift; sourceTree = "<group>"; };
		71BE6307265436CE009ED8F6 /* SceneDelegate.swift */ = {isa = PBXFileReference; lastKnownFileType = sourcecode.swift; path = SceneDelegate.swift; sourceTree = "<group>"; };
		71BE6309265436CE009ED8F6 /* LoginViewController.swift */ = {isa = PBXFileReference; lastKnownFileType = sourcecode.swift; path = LoginViewController.swift; sourceTree = "<group>"; };
		71BE630C265436CE009ED8F6 /* Base */ = {isa = PBXFileReference; lastKnownFileType = file.storyboard; name = Base; path = Base.lproj/Main.storyboard; sourceTree = "<group>"; };
		71BE630E265436CF009ED8F6 /* Assets.xcassets */ = {isa = PBXFileReference; lastKnownFileType = folder.assetcatalog; path = Assets.xcassets; sourceTree = "<group>"; };
		71BE6311265436CF009ED8F6 /* Base */ = {isa = PBXFileReference; lastKnownFileType = file.storyboard; name = Base; path = Base.lproj/LaunchScreen.storyboard; sourceTree = "<group>"; };
		71BE6313265436CF009ED8F6 /* Info.plist */ = {isa = PBXFileReference; lastKnownFileType = text.plist.xml; path = Info.plist; sourceTree = "<group>"; };
		71BE6318265436CF009ED8F6 /* PokemonTests.xctest */ = {isa = PBXFileReference; explicitFileType = wrapper.cfbundle; includeInIndex = 0; path = PokemonTests.xctest; sourceTree = BUILT_PRODUCTS_DIR; };
		71BE631C265436CF009ED8F6 /* PokemonTests.swift */ = {isa = PBXFileReference; lastKnownFileType = sourcecode.swift; path = PokemonTests.swift; sourceTree = "<group>"; };
		71BE631E265436CF009ED8F6 /* Info.plist */ = {isa = PBXFileReference; lastKnownFileType = text.plist.xml; path = Info.plist; sourceTree = "<group>"; };
		71BE6323265436D0009ED8F6 /* PokemonUITests.xctest */ = {isa = PBXFileReference; explicitFileType = wrapper.cfbundle; includeInIndex = 0; path = PokemonUITests.xctest; sourceTree = BUILT_PRODUCTS_DIR; };
		71BE6327265436D0009ED8F6 /* PokemonUITests.swift */ = {isa = PBXFileReference; lastKnownFileType = sourcecode.swift; path = PokemonUITests.swift; sourceTree = "<group>"; };
		71BE6329265436D0009ED8F6 /* Info.plist */ = {isa = PBXFileReference; lastKnownFileType = text.plist.xml; path = Info.plist; sourceTree = "<group>"; };
		71E371E4266BCE630020AD4E /* Pokemon.swift */ = {isa = PBXFileReference; lastKnownFileType = sourcecode.swift; path = Pokemon.swift; sourceTree = "<group>"; };
		9B06D2B5EE9253A576CA3B30 /* Pods-Pokemon.debug.xcconfig */ = {isa = PBXFileReference; includeInIndex = 1; lastKnownFileType = text.xcconfig; name = "Pods-Pokemon.debug.xcconfig"; path = "Target Support Files/Pods-Pokemon/Pods-Pokemon.debug.xcconfig"; sourceTree = "<group>"; };
		B91914A9F88DB4F777424A84 /* Pods-Pokemon.release.xcconfig */ = {isa = PBXFileReference; includeInIndex = 1; lastKnownFileType = text.xcconfig; name = "Pods-Pokemon.release.xcconfig"; path = "Target Support Files/Pods-Pokemon/Pods-Pokemon.release.xcconfig"; sourceTree = "<group>"; };
		D7356A969BAF6B248D8020DE /* Pods_Pokemon.framework */ = {isa = PBXFileReference; explicitFileType = wrapper.framework; includeInIndex = 0; path = Pods_Pokemon.framework; sourceTree = BUILT_PRODUCTS_DIR; };
		FABFEDB601128DA98BA95DB3 /* Pods-Pokemon-PokemonUITests.debug.xcconfig */ = {isa = PBXFileReference; includeInIndex = 1; lastKnownFileType = text.xcconfig; name = "Pods-Pokemon-PokemonUITests.debug.xcconfig"; path = "Target Support Files/Pods-Pokemon-PokemonUITests/Pods-Pokemon-PokemonUITests.debug.xcconfig"; sourceTree = "<group>"; };
		FDAEADD1E6E48C2A64EED1B3 /* Pods-PokemonTests.debug.xcconfig */ = {isa = PBXFileReference; includeInIndex = 1; lastKnownFileType = text.xcconfig; name = "Pods-PokemonTests.debug.xcconfig"; path = "Target Support Files/Pods-PokemonTests/Pods-PokemonTests.debug.xcconfig"; sourceTree = "<group>"; };
/* End PBXFileReference section */

/* Begin PBXFrameworksBuildPhase section */
		71BE62FF265436CE009ED8F6 /* Frameworks */ = {
			isa = PBXFrameworksBuildPhase;
			buildActionMask = 2147483647;
			files = (
				AFB029A09509E8B95981EBB8 /* Pods_Pokemon.framework in Frameworks */,
			);
			runOnlyForDeploymentPostprocessing = 0;
		};
		71BE6315265436CF009ED8F6 /* Frameworks */ = {
			isa = PBXFrameworksBuildPhase;
			buildActionMask = 2147483647;
			files = (
				EA867B90F39E4D5AE943595E /* Pods_PokemonTests.framework in Frameworks */,
			);
			runOnlyForDeploymentPostprocessing = 0;
		};
		71BE6320265436D0009ED8F6 /* Frameworks */ = {
			isa = PBXFrameworksBuildPhase;
			buildActionMask = 2147483647;
			files = (
				9D4190D0C9D4D554D48748D2 /* Pods_Pokemon_PokemonUITests.framework in Frameworks */,
			);
			runOnlyForDeploymentPostprocessing = 0;
		};
/* End PBXFrameworksBuildPhase section */

/* Begin PBXGroup section */
		71BE62F9265436CE009ED8F6 = {
			isa = PBXGroup;
			children = (
				71BE6304265436CE009ED8F6 /* Pokemon */,
				71BE631B265436CF009ED8F6 /* PokemonTests */,
				71BE6326265436D0009ED8F6 /* PokemonUITests */,
				71BE6303265436CE009ED8F6 /* Products */,
				B33A3CFA65DF0E53EE34E86C /* Pods */,
				E04BD3238DC73EDDD7A8D387 /* Frameworks */,
			);
			sourceTree = "<group>";
		};
		71BE6303265436CE009ED8F6 /* Products */ = {
			isa = PBXGroup;
			children = (
				71BE6302265436CE009ED8F6 /* Pokemon.app */,
				71BE6318265436CF009ED8F6 /* PokemonTests.xctest */,
				71BE6323265436D0009ED8F6 /* PokemonUITests.xctest */,
			);
			name = Products;
			sourceTree = "<group>";
		};
		71BE6304265436CE009ED8F6 /* Pokemon */ = {
			isa = PBXGroup;
			children = (
				71BE6305265436CE009ED8F6 /* AppDelegate.swift */,
				71BE6307265436CE009ED8F6 /* SceneDelegate.swift */,
				71BE63372654372E009ED8F6 /* Model */,
				71BE633626543726009ED8F6 /* View */,
				71BE63352654371A009ED8F6 /* Controller */,
				71BE630E265436CF009ED8F6 /* Assets.xcassets */,
				71BE6313265436CF009ED8F6 /* Info.plist */,
			);
			path = Pokemon;
			sourceTree = "<group>";
		};
		71BE631B265436CF009ED8F6 /* PokemonTests */ = {
			isa = PBXGroup;
			children = (
				71BE631C265436CF009ED8F6 /* PokemonTests.swift */,
				71BE631E265436CF009ED8F6 /* Info.plist */,
			);
			path = PokemonTests;
			sourceTree = "<group>";
		};
		71BE6326265436D0009ED8F6 /* PokemonUITests */ = {
			isa = PBXGroup;
			children = (
				71BE6327265436D0009ED8F6 /* PokemonUITests.swift */,
				71BE6329265436D0009ED8F6 /* Info.plist */,
			);
			path = PokemonUITests;
			sourceTree = "<group>";
		};
		71BE63352654371A009ED8F6 /* Controller */ = {
			isa = PBXGroup;
			children = (
				71BE6309265436CE009ED8F6 /* LoginViewController.swift */,
				71913832265737BA0013D7D2 /* LoginButton.swift */,
				711C61AB26681DE000D880F4 /* PokedexViewController.swift */,
				711C61A726681B0000D880F4 /* PokemonCollectionViewCell.swift */,
				71BB31652680DE1500566D8E /* DetailsController.swift */,
				717D3822268B9F6600848163 /* EvolutionTableViewCell.swift */,
				71B772E0268F62D100F6E4A3 /* EvolutionDetailController.swift */,
				713C72D826AA4AAB00A2E5E0 /* WeaknessesCollectionViewCell.swift */,
				713C72DC26AA4E3600A2E5E0 /* WeaknessesController.swift */,
			);
			path = Controller;
			sourceTree = "<group>";
		};
		71BE633626543726009ED8F6 /* View */ = {
			isa = PBXGroup;
			children = (
				71BE630B265436CE009ED8F6 /* Main.storyboard */,
				71BE6310265436CF009ED8F6 /* LaunchScreen.storyboard */,
				711C61A826681B0000D880F4 /* PokemonCollectionViewCell.xib */,
				717D3823268B9F6600848163 /* EvolutionTableViewCell.xib */,
				713C72D926AA4AAB00A2E5E0 /* WeaknessesCollectionViewCell.xib */,
			);
			path = View;
			sourceTree = "<group>";
		};
		71BE63372654372E009ED8F6 /* Model */ = {
			isa = PBXGroup;
			children = (
				71913834265744180013D7D2 /* UiView.swift */,
				711AE8592662F62B008FB7EC /* UIColor.swift */,
				718BDF31265EC6B7001568E3 /* Screen.swift */,
				71E371E4266BCE630020AD4E /* Pokemon.swift */,
			);
			path = Model;
			sourceTree = "<group>";
		};
		B33A3CFA65DF0E53EE34E86C /* Pods */ = {
			isa = PBXGroup;
			children = (
				9B06D2B5EE9253A576CA3B30 /* Pods-Pokemon.debug.xcconfig */,
				B91914A9F88DB4F777424A84 /* Pods-Pokemon.release.xcconfig */,
				FABFEDB601128DA98BA95DB3 /* Pods-Pokemon-PokemonUITests.debug.xcconfig */,
				355C103B808A3ABE5C3EEF2C /* Pods-Pokemon-PokemonUITests.release.xcconfig */,
				FDAEADD1E6E48C2A64EED1B3 /* Pods-PokemonTests.debug.xcconfig */,
				29B53F3ED7CA867EE329CC21 /* Pods-PokemonTests.release.xcconfig */,
			);
			path = Pods;
			sourceTree = "<group>";
		};
		E04BD3238DC73EDDD7A8D387 /* Frameworks */ = {
			isa = PBXGroup;
			children = (
				D7356A969BAF6B248D8020DE /* Pods_Pokemon.framework */,
				028F493F64DADCBBAF474624 /* Pods_Pokemon_PokemonUITests.framework */,
				6F01524826223FD75E30F5CD /* Pods_PokemonTests.framework */,
			);
			name = Frameworks;
			sourceTree = "<group>";
		};
/* End PBXGroup section */

/* Begin PBXNativeTarget section */
		71BE6301265436CE009ED8F6 /* Pokemon */ = {
			isa = PBXNativeTarget;
			buildConfigurationList = 71BE632C265436D0009ED8F6 /* Build configuration list for PBXNativeTarget "Pokemon" */;
			buildPhases = (
				54CE316B13EBCF02B6DD5A35 /* [CP] Check Pods Manifest.lock */,
				71BE62FE265436CE009ED8F6 /* Sources */,
				71BE62FF265436CE009ED8F6 /* Frameworks */,
				71BE6300265436CE009ED8F6 /* Resources */,
				4B072712F8270A62469057E0 /* [CP] Embed Pods Frameworks */,
			);
			buildRules = (
			);
			dependencies = (
			);
			name = Pokemon;
			productName = Pokemon;
			productReference = 71BE6302265436CE009ED8F6 /* Pokemon.app */;
			productType = "com.apple.product-type.application";
		};
		71BE6317265436CF009ED8F6 /* PokemonTests */ = {
			isa = PBXNativeTarget;
			buildConfigurationList = 71BE632F265436D0009ED8F6 /* Build configuration list for PBXNativeTarget "PokemonTests" */;
			buildPhases = (
				BCE0CD906ED08B68ED304D6E /* [CP] Check Pods Manifest.lock */,
				71BE6314265436CF009ED8F6 /* Sources */,
				71BE6315265436CF009ED8F6 /* Frameworks */,
				71BE6316265436CF009ED8F6 /* Resources */,
			);
			buildRules = (
			);
			dependencies = (
				71BE631A265436CF009ED8F6 /* PBXTargetDependency */,
			);
			name = PokemonTests;
			productName = PokemonTests;
			productReference = 71BE6318265436CF009ED8F6 /* PokemonTests.xctest */;
			productType = "com.apple.product-type.bundle.unit-test";
		};
		71BE6322265436D0009ED8F6 /* PokemonUITests */ = {
			isa = PBXNativeTarget;
			buildConfigurationList = 71BE6332265436D0009ED8F6 /* Build configuration list for PBXNativeTarget "PokemonUITests" */;
			buildPhases = (
				04E69DEE4236F800A0A57E3D /* [CP] Check Pods Manifest.lock */,
				71BE631F265436D0009ED8F6 /* Sources */,
				71BE6320265436D0009ED8F6 /* Frameworks */,
				71BE6321265436D0009ED8F6 /* Resources */,
				F1E2791575752A4D9CE17833 /* [CP] Embed Pods Frameworks */,
			);
			buildRules = (
			);
			dependencies = (
				71BE6325265436D0009ED8F6 /* PBXTargetDependency */,
			);
			name = PokemonUITests;
			productName = PokemonUITests;
			productReference = 71BE6323265436D0009ED8F6 /* PokemonUITests.xctest */;
			productType = "com.apple.product-type.bundle.ui-testing";
		};
/* End PBXNativeTarget section */

/* Begin PBXProject section */
		71BE62FA265436CE009ED8F6 /* Project object */ = {
			isa = PBXProject;
			attributes = {
				LastSwiftUpdateCheck = 1250;
				LastUpgradeCheck = 1250;
				TargetAttributes = {
					71BE6301265436CE009ED8F6 = {
						CreatedOnToolsVersion = 12.5;
					};
					71BE6317265436CF009ED8F6 = {
						CreatedOnToolsVersion = 12.5;
						TestTargetID = 71BE6301265436CE009ED8F6;
					};
					71BE6322265436D0009ED8F6 = {
						CreatedOnToolsVersion = 12.5;
						TestTargetID = 71BE6301265436CE009ED8F6;
					};
				};
			};
			buildConfigurationList = 71BE62FD265436CE009ED8F6 /* Build configuration list for PBXProject "Pokemon" */;
			compatibilityVersion = "Xcode 9.3";
			developmentRegion = en;
			hasScannedForEncodings = 0;
			knownRegions = (
				en,
				Base,
			);
			mainGroup = 71BE62F9265436CE009ED8F6;
			productRefGroup = 71BE6303265436CE009ED8F6 /* Products */;
			projectDirPath = "";
			projectRoot = "";
			targets = (
				71BE6301265436CE009ED8F6 /* Pokemon */,
				71BE6317265436CF009ED8F6 /* PokemonTests */,
				71BE6322265436D0009ED8F6 /* PokemonUITests */,
			);
		};
/* End PBXProject section */

/* Begin PBXResourcesBuildPhase section */
		71BE6300265436CE009ED8F6 /* Resources */ = {
			isa = PBXResourcesBuildPhase;
			buildActionMask = 2147483647;
			files = (
				71BE6312265436CF009ED8F6 /* LaunchScreen.storyboard in Resources */,
				717D3825268B9F6600848163 /* EvolutionTableViewCell.xib in Resources */,
				713C72DB26AA4AAB00A2E5E0 /* WeaknessesCollectionViewCell.xib in Resources */,
				71BE630F265436CF009ED8F6 /* Assets.xcassets in Resources */,
				711C61AA26681B0000D880F4 /* PokemonCollectionViewCell.xib in Resources */,
				71BE630D265436CE009ED8F6 /* Main.storyboard in Resources */,
			);
			runOnlyForDeploymentPostprocessing = 0;
		};
		71BE6316265436CF009ED8F6 /* Resources */ = {
			isa = PBXResourcesBuildPhase;
			buildActionMask = 2147483647;
			files = (
			);
			runOnlyForDeploymentPostprocessing = 0;
		};
		71BE6321265436D0009ED8F6 /* Resources */ = {
			isa = PBXResourcesBuildPhase;
			buildActionMask = 2147483647;
			files = (
			);
			runOnlyForDeploymentPostprocessing = 0;
		};
/* End PBXResourcesBuildPhase section */

/* Begin PBXShellScriptBuildPhase section */
		04E69DEE4236F800A0A57E3D /* [CP] Check Pods Manifest.lock */ = {
			isa = PBXShellScriptBuildPhase;
			buildActionMask = 2147483647;
			files = (
			);
			inputFileListPaths = (
			);
			inputPaths = (
				"${PODS_PODFILE_DIR_PATH}/Podfile.lock",
				"${PODS_ROOT}/Manifest.lock",
			);
			name = "[CP] Check Pods Manifest.lock";
			outputFileListPaths = (
			);
			outputPaths = (
				"$(DERIVED_FILE_DIR)/Pods-Pokemon-PokemonUITests-checkManifestLockResult.txt",
			);
			runOnlyForDeploymentPostprocessing = 0;
			shellPath = /bin/sh;
			shellScript = "diff \"${PODS_PODFILE_DIR_PATH}/Podfile.lock\" \"${PODS_ROOT}/Manifest.lock\" > /dev/null\nif [ $? != 0 ] ; then\n    # print error to STDERR\n    echo \"error: The sandbox is not in sync with the Podfile.lock. Run 'pod install' or update your CocoaPods installation.\" >&2\n    exit 1\nfi\n# This output is used by Xcode 'outputs' to avoid re-running this script phase.\necho \"SUCCESS\" > \"${SCRIPT_OUTPUT_FILE_0}\"\n";
			showEnvVarsInLog = 0;
		};
		4B072712F8270A62469057E0 /* [CP] Embed Pods Frameworks */ = {
			isa = PBXShellScriptBuildPhase;
			buildActionMask = 2147483647;
			files = (
			);
			inputFileListPaths = (
				"${PODS_ROOT}/Target Support Files/Pods-Pokemon/Pods-Pokemon-frameworks-${CONFIGURATION}-input-files.xcfilelist",
			);
			name = "[CP] Embed Pods Frameworks";
			outputFileListPaths = (
				"${PODS_ROOT}/Target Support Files/Pods-Pokemon/Pods-Pokemon-frameworks-${CONFIGURATION}-output-files.xcfilelist",
			);
			runOnlyForDeploymentPostprocessing = 0;
			shellPath = /bin/sh;
			shellScript = "\"${PODS_ROOT}/Target Support Files/Pods-Pokemon/Pods-Pokemon-frameworks.sh\"\n";
			showEnvVarsInLog = 0;
		};
		54CE316B13EBCF02B6DD5A35 /* [CP] Check Pods Manifest.lock */ = {
			isa = PBXShellScriptBuildPhase;
			buildActionMask = 2147483647;
			files = (
			);
			inputFileListPaths = (
			);
			inputPaths = (
				"${PODS_PODFILE_DIR_PATH}/Podfile.lock",
				"${PODS_ROOT}/Manifest.lock",
			);
			name = "[CP] Check Pods Manifest.lock";
			outputFileListPaths = (
			);
			outputPaths = (
				"$(DERIVED_FILE_DIR)/Pods-Pokemon-checkManifestLockResult.txt",
			);
			runOnlyForDeploymentPostprocessing = 0;
			shellPath = /bin/sh;
			shellScript = "diff \"${PODS_PODFILE_DIR_PATH}/Podfile.lock\" \"${PODS_ROOT}/Manifest.lock\" > /dev/null\nif [ $? != 0 ] ; then\n    # print error to STDERR\n    echo \"error: The sandbox is not in sync with the Podfile.lock. Run 'pod install' or update your CocoaPods installation.\" >&2\n    exit 1\nfi\n# This output is used by Xcode 'outputs' to avoid re-running this script phase.\necho \"SUCCESS\" > \"${SCRIPT_OUTPUT_FILE_0}\"\n";
			showEnvVarsInLog = 0;
		};
		BCE0CD906ED08B68ED304D6E /* [CP] Check Pods Manifest.lock */ = {
			isa = PBXShellScriptBuildPhase;
			buildActionMask = 2147483647;
			files = (
			);
			inputFileListPaths = (
			);
			inputPaths = (
				"${PODS_PODFILE_DIR_PATH}/Podfile.lock",
				"${PODS_ROOT}/Manifest.lock",
			);
			name = "[CP] Check Pods Manifest.lock";
			outputFileListPaths = (
			);
			outputPaths = (
				"$(DERIVED_FILE_DIR)/Pods-PokemonTests-checkManifestLockResult.txt",
			);
			runOnlyForDeploymentPostprocessing = 0;
			shellPath = /bin/sh;
			shellScript = "diff \"${PODS_PODFILE_DIR_PATH}/Podfile.lock\" \"${PODS_ROOT}/Manifest.lock\" > /dev/null\nif [ $? != 0 ] ; then\n    # print error to STDERR\n    echo \"error: The sandbox is not in sync with the Podfile.lock. Run 'pod install' or update your CocoaPods installation.\" >&2\n    exit 1\nfi\n# This output is used by Xcode 'outputs' to avoid re-running this script phase.\necho \"SUCCESS\" > \"${SCRIPT_OUTPUT_FILE_0}\"\n";
			showEnvVarsInLog = 0;
		};
		F1E2791575752A4D9CE17833 /* [CP] Embed Pods Frameworks */ = {
			isa = PBXShellScriptBuildPhase;
			buildActionMask = 2147483647;
			files = (
			);
			inputFileListPaths = (
				"${PODS_ROOT}/Target Support Files/Pods-Pokemon-PokemonUITests/Pods-Pokemon-PokemonUITests-frameworks-${CONFIGURATION}-input-files.xcfilelist",
			);
			name = "[CP] Embed Pods Frameworks";
			outputFileListPaths = (
				"${PODS_ROOT}/Target Support Files/Pods-Pokemon-PokemonUITests/Pods-Pokemon-PokemonUITests-frameworks-${CONFIGURATION}-output-files.xcfilelist",
			);
			runOnlyForDeploymentPostprocessing = 0;
			shellPath = /bin/sh;
			shellScript = "\"${PODS_ROOT}/Target Support Files/Pods-Pokemon-PokemonUITests/Pods-Pokemon-PokemonUITests-frameworks.sh\"\n";
			showEnvVarsInLog = 0;
		};
/* End PBXShellScriptBuildPhase section */

/* Begin PBXSourcesBuildPhase section */
		71BE62FE265436CE009ED8F6 /* Sources */ = {
			isa = PBXSourcesBuildPhase;
			buildActionMask = 2147483647;
			files = (
				71BE630A265436CE009ED8F6 /* LoginViewController.swift in Sources */,
				711AE85A2662F62B008FB7EC /* UIColor.swift in Sources */,
				711C61A926681B0000D880F4 /* PokemonCollectionViewCell.swift in Sources */,
				71913833265737BA0013D7D2 /* LoginButton.swift in Sources */,
				71BB31662680DE1500566D8E /* DetailsController.swift in Sources */,
				713C72DA26AA4AAB00A2E5E0 /* WeaknessesCollectionViewCell.swift in Sources */,
				71BE6306265436CE009ED8F6 /* AppDelegate.swift in Sources */,
				71BE6308265436CE009ED8F6 /* SceneDelegate.swift in Sources */,
				713C72DD26AA4E3600A2E5E0 /* WeaknessesController.swift in Sources */,
				717D3824268B9F6600848163 /* EvolutionTableViewCell.swift in Sources */,
				711C61AC26681DE000D880F4 /* PokedexViewController.swift in Sources */,
				71E371E5266BCE630020AD4E /* Pokemon.swift in Sources */,
				71B772E1268F62D100F6E4A3 /* EvolutionDetailController.swift in Sources */,
				71913835265744180013D7D2 /* UiView.swift in Sources */,
				718BDF32265EC6B7001568E3 /* Screen.swift in Sources */,
			);
			runOnlyForDeploymentPostprocessing = 0;
		};
		71BE6314265436CF009ED8F6 /* Sources */ = {
			isa = PBXSourcesBuildPhase;
			buildActionMask = 2147483647;
			files = (
				71BE631D265436CF009ED8F6 /* PokemonTests.swift in Sources */,
			);
			runOnlyForDeploymentPostprocessing = 0;
		};
		71BE631F265436D0009ED8F6 /* Sources */ = {
			isa = PBXSourcesBuildPhase;
			buildActionMask = 2147483647;
			files = (
				71BE6328265436D0009ED8F6 /* PokemonUITests.swift in Sources */,
			);
			runOnlyForDeploymentPostprocessing = 0;
		};
/* End PBXSourcesBuildPhase section */

/* Begin PBXTargetDependency section */
		71BE631A265436CF009ED8F6 /* PBXTargetDependency */ = {
			isa = PBXTargetDependency;
			target = 71BE6301265436CE009ED8F6 /* Pokemon */;
			targetProxy = 71BE6319265436CF009ED8F6 /* PBXContainerItemProxy */;
		};
		71BE6325265436D0009ED8F6 /* PBXTargetDependency */ = {
			isa = PBXTargetDependency;
			target = 71BE6301265436CE009ED8F6 /* Pokemon */;
			targetProxy = 71BE6324265436D0009ED8F6 /* PBXContainerItemProxy */;
		};
/* End PBXTargetDependency section */

/* Begin PBXVariantGroup section */
		71BE630B265436CE009ED8F6 /* Main.storyboard */ = {
			isa = PBXVariantGroup;
			children = (
				71BE630C265436CE009ED8F6 /* Base */,
			);
			name = Main.storyboard;
			sourceTree = "<group>";
		};
		71BE6310265436CF009ED8F6 /* LaunchScreen.storyboard */ = {
			isa = PBXVariantGroup;
			children = (
				71BE6311265436CF009ED8F6 /* Base */,
			);
			name = LaunchScreen.storyboard;
			sourceTree = "<group>";
		};
/* End PBXVariantGroup section */

/* Begin XCBuildConfiguration section */
		71BE632A265436D0009ED8F6 /* Debug */ = {
			isa = XCBuildConfiguration;
			buildSettings = {
				ALWAYS_SEARCH_USER_PATHS = NO;
				CLANG_ANALYZER_NONNULL = YES;
				CLANG_ANALYZER_NUMBER_OBJECT_CONVERSION = YES_AGGRESSIVE;
				CLANG_CXX_LANGUAGE_STANDARD = "gnu++14";
				CLANG_CXX_LIBRARY = "libc++";
				CLANG_ENABLE_MODULES = YES;
				CLANG_ENABLE_OBJC_ARC = YES;
				CLANG_ENABLE_OBJC_WEAK = YES;
				CLANG_WARN_BLOCK_CAPTURE_AUTORELEASING = YES;
				CLANG_WARN_BOOL_CONVERSION = YES;
				CLANG_WARN_COMMA = YES;
				CLANG_WARN_CONSTANT_CONVERSION = YES;
				CLANG_WARN_DEPRECATED_OBJC_IMPLEMENTATIONS = YES;
				CLANG_WARN_DIRECT_OBJC_ISA_USAGE = YES_ERROR;
				CLANG_WARN_DOCUMENTATION_COMMENTS = YES;
				CLANG_WARN_EMPTY_BODY = YES;
				CLANG_WARN_ENUM_CONVERSION = YES;
				CLANG_WARN_INFINITE_RECURSION = YES;
				CLANG_WARN_INT_CONVERSION = YES;
				CLANG_WARN_NON_LITERAL_NULL_CONVERSION = YES;
				CLANG_WARN_OBJC_IMPLICIT_RETAIN_SELF = YES;
				CLANG_WARN_OBJC_LITERAL_CONVERSION = YES;
				CLANG_WARN_OBJC_ROOT_CLASS = YES_ERROR;
				CLANG_WARN_QUOTED_INCLUDE_IN_FRAMEWORK_HEADER = YES;
				CLANG_WARN_RANGE_LOOP_ANALYSIS = YES;
				CLANG_WARN_STRICT_PROTOTYPES = YES;
				CLANG_WARN_SUSPICIOUS_MOVE = YES;
				CLANG_WARN_UNGUARDED_AVAILABILITY = YES_AGGRESSIVE;
				CLANG_WARN_UNREACHABLE_CODE = YES;
				CLANG_WARN__DUPLICATE_METHOD_MATCH = YES;
				COPY_PHASE_STRIP = NO;
				DEBUG_INFORMATION_FORMAT = dwarf;
				ENABLE_STRICT_OBJC_MSGSEND = YES;
				ENABLE_TESTABILITY = YES;
				GCC_C_LANGUAGE_STANDARD = gnu11;
				GCC_DYNAMIC_NO_PIC = NO;
				GCC_NO_COMMON_BLOCKS = YES;
				GCC_OPTIMIZATION_LEVEL = 0;
				GCC_PREPROCESSOR_DEFINITIONS = (
					"DEBUG=1",
					"$(inherited)",
				);
				GCC_WARN_64_TO_32_BIT_CONVERSION = YES;
				GCC_WARN_ABOUT_RETURN_TYPE = YES_ERROR;
				GCC_WARN_UNDECLARED_SELECTOR = YES;
				GCC_WARN_UNINITIALIZED_AUTOS = YES_AGGRESSIVE;
				GCC_WARN_UNUSED_FUNCTION = YES;
				GCC_WARN_UNUSED_VARIABLE = YES;
				IPHONEOS_DEPLOYMENT_TARGET = 14.5;
				MTL_ENABLE_DEBUG_INFO = INCLUDE_SOURCE;
				MTL_FAST_MATH = YES;
				ONLY_ACTIVE_ARCH = YES;
				SDKROOT = iphoneos;
				SWIFT_ACTIVE_COMPILATION_CONDITIONS = DEBUG;
				SWIFT_OPTIMIZATION_LEVEL = "-Onone";
			};
			name = Debug;
		};
		71BE632B265436D0009ED8F6 /* Release */ = {
			isa = XCBuildConfiguration;
			buildSettings = {
				ALWAYS_SEARCH_USER_PATHS = NO;
				CLANG_ANALYZER_NONNULL = YES;
				CLANG_ANALYZER_NUMBER_OBJECT_CONVERSION = YES_AGGRESSIVE;
				CLANG_CXX_LANGUAGE_STANDARD = "gnu++14";
				CLANG_CXX_LIBRARY = "libc++";
				CLANG_ENABLE_MODULES = YES;
				CLANG_ENABLE_OBJC_ARC = YES;
				CLANG_ENABLE_OBJC_WEAK = YES;
				CLANG_WARN_BLOCK_CAPTURE_AUTORELEASING = YES;
				CLANG_WARN_BOOL_CONVERSION = YES;
				CLANG_WARN_COMMA = YES;
				CLANG_WARN_CONSTANT_CONVERSION = YES;
				CLANG_WARN_DEPRECATED_OBJC_IMPLEMENTATIONS = YES;
				CLANG_WARN_DIRECT_OBJC_ISA_USAGE = YES_ERROR;
				CLANG_WARN_DOCUMENTATION_COMMENTS = YES;
				CLANG_WARN_EMPTY_BODY = YES;
				CLANG_WARN_ENUM_CONVERSION = YES;
				CLANG_WARN_INFINITE_RECURSION = YES;
				CLANG_WARN_INT_CONVERSION = YES;
				CLANG_WARN_NON_LITERAL_NULL_CONVERSION = YES;
				CLANG_WARN_OBJC_IMPLICIT_RETAIN_SELF = YES;
				CLANG_WARN_OBJC_LITERAL_CONVERSION = YES;
				CLANG_WARN_OBJC_ROOT_CLASS = YES_ERROR;
				CLANG_WARN_QUOTED_INCLUDE_IN_FRAMEWORK_HEADER = YES;
				CLANG_WARN_RANGE_LOOP_ANALYSIS = YES;
				CLANG_WARN_STRICT_PROTOTYPES = YES;
				CLANG_WARN_SUSPICIOUS_MOVE = YES;
				CLANG_WARN_UNGUARDED_AVAILABILITY = YES_AGGRESSIVE;
				CLANG_WARN_UNREACHABLE_CODE = YES;
				CLANG_WARN__DUPLICATE_METHOD_MATCH = YES;
				COPY_PHASE_STRIP = NO;
				DEBUG_INFORMATION_FORMAT = "dwarf-with-dsym";
				ENABLE_NS_ASSERTIONS = NO;
				ENABLE_STRICT_OBJC_MSGSEND = YES;
				GCC_C_LANGUAGE_STANDARD = gnu11;
				GCC_NO_COMMON_BLOCKS = YES;
				GCC_WARN_64_TO_32_BIT_CONVERSION = YES;
				GCC_WARN_ABOUT_RETURN_TYPE = YES_ERROR;
				GCC_WARN_UNDECLARED_SELECTOR = YES;
				GCC_WARN_UNINITIALIZED_AUTOS = YES_AGGRESSIVE;
				GCC_WARN_UNUSED_FUNCTION = YES;
				GCC_WARN_UNUSED_VARIABLE = YES;
				IPHONEOS_DEPLOYMENT_TARGET = 14.5;
				MTL_ENABLE_DEBUG_INFO = NO;
				MTL_FAST_MATH = YES;
				SDKROOT = iphoneos;
				SWIFT_COMPILATION_MODE = wholemodule;
				SWIFT_OPTIMIZATION_LEVEL = "-O";
				VALIDATE_PRODUCT = YES;
			};
			name = Release;
		};
		71BE632D265436D0009ED8F6 /* Debug */ = {
			isa = XCBuildConfiguration;
			baseConfigurationReference = 9B06D2B5EE9253A576CA3B30 /* Pods-Pokemon.debug.xcconfig */;
			buildSettings = {
				ASSETCATALOG_COMPILER_APPICON_NAME = AppIcon;
				ASSETCATALOG_COMPILER_GLOBAL_ACCENT_COLOR_NAME = AccentColor;
				CODE_SIGN_STYLE = Automatic;
				DEVELOPMENT_TEAM = R6MG383L8D;
				INFOPLIST_FILE = Pokemon/Info.plist;
				LD_RUNPATH_SEARCH_PATHS = (
					"$(inherited)",
					"@executable_path/Frameworks",
				);
				PRODUCT_BUNDLE_IDENTIFIER = com.felipeforcinetti.Pokemon;
				PRODUCT_NAME = "$(TARGET_NAME)";
				SWIFT_VERSION = 5.0;
				TARGETED_DEVICE_FAMILY = "1,2";
			};
			name = Debug;
		};
		71BE632E265436D0009ED8F6 /* Release */ = {
			isa = XCBuildConfiguration;
			baseConfigurationReference = B91914A9F88DB4F777424A84 /* Pods-Pokemon.release.xcconfig */;
			buildSettings = {
				ASSETCATALOG_COMPILER_APPICON_NAME = AppIcon;
				ASSETCATALOG_COMPILER_GLOBAL_ACCENT_COLOR_NAME = AccentColor;
				CODE_SIGN_STYLE = Automatic;
				DEVELOPMENT_TEAM = R6MG383L8D;
				INFOPLIST_FILE = Pokemon/Info.plist;
				LD_RUNPATH_SEARCH_PATHS = (
					"$(inherited)",
					"@executable_path/Frameworks",
				);
				PRODUCT_BUNDLE_IDENTIFIER = com.felipeforcinetti.Pokemon;
				PRODUCT_NAME = "$(TARGET_NAME)";
				SWIFT_VERSION = 5.0;
				TARGETED_DEVICE_FAMILY = "1,2";
			};
			name = Release;
		};
		71BE6330265436D0009ED8F6 /* Debug */ = {
			isa = XCBuildConfiguration;
			baseConfigurationReference = FDAEADD1E6E48C2A64EED1B3 /* Pods-PokemonTests.debug.xcconfig */;
			buildSettings = {
				ALWAYS_EMBED_SWIFT_STANDARD_LIBRARIES = YES;
				BUNDLE_LOADER = "$(TEST_HOST)";
				CODE_SIGN_STYLE = Automatic;
				INFOPLIST_FILE = PokemonTests/Info.plist;
				IPHONEOS_DEPLOYMENT_TARGET = 14.5;
				LD_RUNPATH_SEARCH_PATHS = (
					"$(inherited)",
					"@executable_path/Frameworks",
					"@loader_path/Frameworks",
				);
				PRODUCT_BUNDLE_IDENTIFIER = com.felipeforcinetti.PokemonTests;
				PRODUCT_NAME = "$(TARGET_NAME)";
				SWIFT_VERSION = 5.0;
				TARGETED_DEVICE_FAMILY = "1,2";
				TEST_HOST = "$(BUILT_PRODUCTS_DIR)/Pokemon.app/Pokemon";
			};
			name = Debug;
		};
		71BE6331265436D0009ED8F6 /* Release */ = {
			isa = XCBuildConfiguration;
			baseConfigurationReference = 29B53F3ED7CA867EE329CC21 /* Pods-PokemonTests.release.xcconfig */;
			buildSettings = {
				ALWAYS_EMBED_SWIFT_STANDARD_LIBRARIES = YES;
				BUNDLE_LOADER = "$(TEST_HOST)";
				CODE_SIGN_STYLE = Automatic;
				INFOPLIST_FILE = PokemonTests/Info.plist;
				IPHONEOS_DEPLOYMENT_TARGET = 14.5;
				LD_RUNPATH_SEARCH_PATHS = (
					"$(inherited)",
					"@executable_path/Frameworks",
					"@loader_path/Frameworks",
				);
				PRODUCT_BUNDLE_IDENTIFIER = com.felipeforcinetti.PokemonTests;
				PRODUCT_NAME = "$(TARGET_NAME)";
				SWIFT_VERSION = 5.0;
				TARGETED_DEVICE_FAMILY = "1,2";
				TEST_HOST = "$(BUILT_PRODUCTS_DIR)/Pokemon.app/Pokemon";
			};
			name = Release;
		};
		71BE6333265436D0009ED8F6 /* Debug */ = {
			isa = XCBuildConfiguration;
			baseConfigurationReference = FABFEDB601128DA98BA95DB3 /* Pods-Pokemon-PokemonUITests.debug.xcconfig */;
			buildSettings = {
				ALWAYS_EMBED_SWIFT_STANDARD_LIBRARIES = YES;
				CODE_SIGN_STYLE = Automatic;
				INFOPLIST_FILE = PokemonUITests/Info.plist;
				LD_RUNPATH_SEARCH_PATHS = (
					"$(inherited)",
					"@executable_path/Frameworks",
					"@loader_path/Frameworks",
				);
				PRODUCT_BUNDLE_IDENTIFIER = com.felipeforcinetti.PokemonUITests;
				PRODUCT_NAME = "$(TARGET_NAME)";
				SWIFT_VERSION = 5.0;
				TARGETED_DEVICE_FAMILY = "1,2";
				TEST_TARGET_NAME = Pokemon;
			};
			name = Debug;
		};
		71BE6334265436D0009ED8F6 /* Release */ = {
			isa = XCBuildConfiguration;
			baseConfigurationReference = 355C103B808A3ABE5C3EEF2C /* Pods-Pokemon-PokemonUITests.release.xcconfig */;
			buildSettings = {
				ALWAYS_EMBED_SWIFT_STANDARD_LIBRARIES = YES;
				CODE_SIGN_STYLE = Automatic;
				INFOPLIST_FILE = PokemonUITests/Info.plist;
				LD_RUNPATH_SEARCH_PATHS = (
					"$(inherited)",
					"@executable_path/Frameworks",
					"@loader_path/Frameworks",
				);
				PRODUCT_BUNDLE_IDENTIFIER = com.felipeforcinetti.PokemonUITests;
				PRODUCT_NAME = "$(TARGET_NAME)";
				SWIFT_VERSION = 5.0;
				TARGETED_DEVICE_FAMILY = "1,2";
				TEST_TARGET_NAME = Pokemon;
			};
			name = Release;
		};
/* End XCBuildConfiguration section */

/* Begin XCConfigurationList section */
		71BE62FD265436CE009ED8F6 /* Build configuration list for PBXProject "Pokemon" */ = {
			isa = XCConfigurationList;
			buildConfigurations = (
				71BE632A265436D0009ED8F6 /* Debug */,
				71BE632B265436D0009ED8F6 /* Release */,
			);
			defaultConfigurationIsVisible = 0;
			defaultConfigurationName = Release;
		};
		71BE632C265436D0009ED8F6 /* Build configuration list for PBXNativeTarget "Pokemon" */ = {
			isa = XCConfigurationList;
			buildConfigurations = (
				71BE632D265436D0009ED8F6 /* Debug */,
				71BE632E265436D0009ED8F6 /* Release */,
			);
			defaultConfigurationIsVisible = 0;
			defaultConfigurationName = Release;
		};
		71BE632F265436D0009ED8F6 /* Build configuration list for PBXNativeTarget "PokemonTests" */ = {
			isa = XCConfigurationList;
			buildConfigurations = (
				71BE6330265436D0009ED8F6 /* Debug */,
				71BE6331265436D0009ED8F6 /* Release */,
			);
			defaultConfigurationIsVisible = 0;
			defaultConfigurationName = Release;
		};
		71BE6332265436D0009ED8F6 /* Build configuration list for PBXNativeTarget "PokemonUITests" */ = {
			isa = XCConfigurationList;
			buildConfigurations = (
				71BE6333265436D0009ED8F6 /* Debug */,
				71BE6334265436D0009ED8F6 /* Release */,
			);
			defaultConfigurationIsVisible = 0;
			defaultConfigurationName = Release;
		};
/* End XCConfigurationList section */
	};
	rootObject = 71BE62FA265436CE009ED8F6 /* Project object */;
}
